
Microsoft Visual Studio Solution File, Format Version 12.00
# Visual Studio Version 16
VisualStudioVersion = 16.0.30114.105
MinimumVisualStudioVersion = 10.0.40219.1
Project("{FAE04EC0-301F-11D3-BF4B-00C04F79EFBC}") = "QuickBuy.Dominio", "QuickBuy.Dominio\QuickBuy.Dominio.csproj", "{03C831B6-49ED-4331-987F-F1C0316CC79F}"
EndProject
Project("{FAE04EC0-301F-11D3-BF4B-00C04F79EFBC}") = "QuickBuy.Repositorio", "QuickBuy.Repositorio\QuickBuy.Repositorio.csproj", "{3A61384C-369E-4DCD-AA50-FA45F54378E1}"
EndProject
Project("{FAE04EC0-301F-11D3-BF4B-00C04F79EFBC}") = "QuickBuy.Web", "QuickBuy.Web\QuickBuy.Web.csproj", "{2FED72E2-180C-4A02-BF7F-67FD3E75090F}"
EndProject
Global
	GlobalSection(SolutionConfigurationPlatforms) = preSolution
		Debug|Any CPU = Debug|Any CPU
		Release|Any CPU = Release|Any CPU
	EndGlobalSection
	GlobalSection(ProjectConfigurationPlatforms) = postSolution
		{03C831B6-49ED-4331-987F-F1C0316CC79F}.Debug|Any CPU.ActiveCfg = Debug|Any CPU
		{03C831B6-49ED-4331-987F-F1C0316CC79F}.Debug|Any CPU.Build.0 = Debug|Any CPU
		{03C831B6-49ED-4331-987F-F1C0316CC79F}.Release|Any CPU.ActiveCfg = Release|Any CPU
		{03C831B6-49ED-4331-987F-F1C0316CC79F}.Release|Any CPU.Build.0 = Release|Any CPU
		{3A61384C-369E-4DCD-AA50-FA45F54378E1}.Debug|Any CPU.ActiveCfg = Debug|Any CPU
		{3A61384C-369E-4DCD-AA50-FA45F54378E1}.Debug|Any CPU.Build.0 = Debug|Any CPU
		{3A61384C-369E-4DCD-AA50-FA45F54378E1}.Release|Any CPU.ActiveCfg = Release|Any CPU
		{3A61384C-369E-4DCD-AA50-FA45F54378E1}.Release|Any CPU.Build.0 = Release|Any CPU
		{2FED72E2-180C-4A02-BF7F-67FD3E75090F}.Debug|Any CPU.ActiveCfg = Debug|Any CPU
		{2FED72E2-180C-4A02-BF7F-67FD3E75090F}.Debug|Any CPU.Build.0 = Debug|Any CPU
		{2FED72E2-180C-4A02-BF7F-67FD3E75090F}.Release|Any CPU.ActiveCfg = Release|Any CPU
		{2FED72E2-180C-4A02-BF7F-67FD3E75090F}.Release|Any CPU.Build.0 = Release|Any CPU
	EndGlobalSection
	GlobalSection(SolutionProperties) = preSolution
		HideSolutionNode = FALSE
	EndGlobalSection
	GlobalSection(ExtensibilityGlobals) = postSolution
		SolutionGuid = {D23CECD8-C8F9-4F0E-B24C-D26A1CBDB419}
	EndGlobalSection
EndGlobal
